
Microsoft Visual Studio Solution File, Format Version 12.00
# Visual Studio 15
VisualStudioVersion = 15.0.28307.572
MinimumVisualStudioVersion = 10.0.40219.1
Project("{FAE04EC0-301F-11D3-BF4B-00C04F79EFBC}") = "approxpi", "approxpi\approxpi.csproj", "{59E02E7E-018D-4511-8C6F-C98F6C22E4BE}"
EndProject
Global
	GlobalSection(SolutionConfigurationPlatforms) = preSolution
		Debug|Any CPU = Debug|Any CPU
		Release|Any CPU = Release|Any CPU
	EndGlobalSection
	GlobalSection(ProjectConfigurationPlatforms) = postSolution
		{59E02E7E-018D-4511-8C6F-C98F6C22E4BE}.Debug|Any CPU.ActiveCfg = Debug|Any CPU
		{59E02E7E-018D-4511-8C6F-C98F6C22E4BE}.Debug|Any CPU.Build.0 = Debug|Any CPU
		{59E02E7E-018D-4511-8C6F-C98F6C22E4BE}.Release|Any CPU.ActiveCfg = Release|Any CPU
		{59E02E7E-018D-4511-8C6F-C98F6C22E4BE}.Release|Any CPU.Build.0 = Release|Any CPU
	EndGlobalSection
	GlobalSection(SolutionProperties) = preSolution
		HideSolutionNode = FALSE
	EndGlobalSection
	GlobalSection(ExtensibilityGlobals) = postSolution
		SolutionGuid = {BBA31D23-8E43-499F-AC04-9A288B846867}
	EndGlobalSection
EndGlobal
